
Microsoft Visual Studio Solution File, Format Version 12.00
# Visual Studio Version 17
VisualStudioVersion = 17.14.36202.13 d17.14
MinimumVisualStudioVersion = 10.0.40219.1
Project("{FAE04EC0-301F-11D3-BF4B-00C04F79EFBC}") = "NickgismokatoTracker", "NickgismokatoTracker\NickgismokatoTracker.csproj", "{DDE7DACD-46BE-431B-93D5-A53F34DBB058}"
EndProject
Global
	GlobalSection(SolutionConfigurationPlatforms) = preSolution
		Debug|Any CPU = Debug|Any CPU
		Release|Any CPU = Release|Any CPU
	EndGlobalSection
	GlobalSection(ProjectConfigurationPlatforms) = postSolution
		{DDE7DACD-46BE-431B-93D5-A53F34DBB058}.Debug|Any CPU.ActiveCfg = Debug|Any CPU
		{DDE7DACD-46BE-431B-93D5-A53F34DBB058}.Debug|Any CPU.Build.0 = Debug|Any CPU
		{DDE7DACD-46BE-431B-93D5-A53F34DBB058}.Release|Any CPU.ActiveCfg = Release|Any CPU
		{DDE7DACD-46BE-431B-93D5-A53F34DBB058}.Release|Any CPU.Build.0 = Release|Any CPU
	EndGlobalSection
	GlobalSection(SolutionProperties) = preSolution
		HideSolutionNode = FALSE
	EndGlobalSection
	GlobalSection(ExtensibilityGlobals) = postSolution
		SolutionGuid = {A5144C3C-035A-45BB-B896-EF0127733DC0}
	EndGlobalSection
EndGlobal
